{
  "nodes": {
    "disko": {
      "inputs": {
        "nixpkgs": [
          "nixpkgs"
        ]
      },
      "locked": {
        "lastModified": 1769524058,
        "narHash": "sha256-zygdD6X1PcVNR2PsyK4ptzrVEiAdbMqLos7utrMDEWE=",
        "owner": "nix-community",
        "repo": "disko",
        "rev": "71a3fc97d80881e91710fe721f1158d3b96ae14d",
        "type": "github"
      },
      "original": {
        "owner": "nix-community",
        "repo": "disko",
        "type": "github"
      }
    },
    "nixos-facter-modules": {
      "locked": {
        "lastModified": 1766558141,
        "narHash": "sha256-Ud9v49ZPsoDBFuyJSQ2Mpw1ZgAH/aMwUwwzrVoetNus=",
        "owner": "numtide",
        "repo": "nixos-facter-modules",
        "rev": "e796d536e3d83de74267069e179dc620a608ed7d",
        "type": "github"
      },
      "original": {
        "owner": "numtide",
        "repo": "nixos-facter-modules",
        "type": "github"
      }
    },
    "nixpkgs": {
      "locked": {
        "lastModified": 1770075496,
        "narHash": "sha256-3FW2Uzih6Aspkvgx0CmV57aAnsJieyDvc9+prAmU2f4=",
        "owner": "Korny666",
        "repo": "nixpkgs",
        "rev": "dbee3df012ac7b44c0a2a7d795ee84c577aa7c5e",
        "type": "github"
      },
      "original": {
        "owner": "Korny666",
        "ref": "wingEdit",
        "repo": "nixpkgs",
        "type": "github"
      }
    },
    "root": {
      "inputs": {
        "disko": "disko",
        "nixos-facter-modules": "nixos-facter-modules",
        "nixpkgs": "nixpkgs"
      }
    }
  },
  "root": "root",
  "version": 7
}
